
Microsoft Visual Studio Solution File, Format Version 12.00
# Visual Studio 15
VisualStudioVersion = 15.0.28010.2048
MinimumVisualStudioVersion = 10.0.40219.1
Project("{FAE04EC0-301F-11D3-BF4B-00C04F79EFBC}") = "BinarySearchTree", "BinarySearchTree\BinarySearchTree.csproj", "{C1AA7ACF-1E03-42B6-967C-D11A5C0E4563}"
EndProject
Global
	GlobalSection(SolutionConfigurationPlatforms) = preSolution
		Debug|Any CPU = Debug|Any CPU
		Release|Any CPU = Release|Any CPU
	EndGlobalSection
	GlobalSection(ProjectConfigurationPlatforms) = postSolution
		{C1AA7ACF-1E03-42B6-967C-D11A5C0E4563}.Debug|Any CPU.ActiveCfg = Debug|Any CPU
		{C1AA7ACF-1E03-42B6-967C-D11A5C0E4563}.Debug|Any CPU.Build.0 = Debug|Any CPU
		{C1AA7ACF-1E03-42B6-967C-D11A5C0E4563}.Release|Any CPU.ActiveCfg = Release|Any CPU
		{C1AA7ACF-1E03-42B6-967C-D11A5C0E4563}.Release|Any CPU.Build.0 = Release|Any CPU
	EndGlobalSection
	GlobalSection(SolutionProperties) = preSolution
		HideSolutionNode = FALSE
	EndGlobalSection
	GlobalSection(ExtensibilityGlobals) = postSolution
		SolutionGuid = {EB34D631-695F-40AD-8154-A0AAC4230899}
	EndGlobalSection
EndGlobal
